{
  "name": "nice-icons",
  "version": "1.2.1",
  "lockfileVersion": 3,
  "requires": true,
  "packages": {
    "": {
      "name": "nice-icons",
      "version": "1.2.1",
      "license": "MIT",
      "devDependencies": {
        "nice-svg-generator": "file:../svg-generator"
      }
    },
    "../svg-generator": {
      "name": "nice-svg-generator",
      "version": "1.0.0",
      "dev": true,
      "license": "MIT",
      "bin": {
        "nice-svg-generator": "src/cli.js"
      }
    },
    "node_modules/nice-svg-generator": {
      "resolved": "../svg-generator",
      "link": true
    }
  }
}
